
Microsoft Visual Studio Solution File, Format Version 12.00
# Visual Studio Version 17
VisualStudioVersion = 17.8.34330.188
MinimumVisualStudioVersion = 10.0.40219.1
Project("{FAE04EC0-301F-11D3-BF4B-00C04F79EFBC}") = "Veiculos.API", "Veiculos\Veiculos.API.csproj", "{483C3D55-DA69-4510-B3EF-48CB9C1DF5E2}"
EndProject
Global
	GlobalSection(SolutionConfigurationPlatforms) = preSolution
		Debug|Any CPU = Debug|Any CPU
		Release|Any CPU = Release|Any CPU
	EndGlobalSection
	GlobalSection(ProjectConfigurationPlatforms) = postSolution
		{483C3D55-DA69-4510-B3EF-48CB9C1DF5E2}.Debug|Any CPU.ActiveCfg = Debug|Any CPU
		{483C3D55-DA69-4510-B3EF-48CB9C1DF5E2}.Debug|Any CPU.Build.0 = Debug|Any CPU
		{483C3D55-DA69-4510-B3EF-48CB9C1DF5E2}.Release|Any CPU.ActiveCfg = Release|Any CPU
		{483C3D55-DA69-4510-B3EF-48CB9C1DF5E2}.Release|Any CPU.Build.0 = Release|Any CPU
	EndGlobalSection
	GlobalSection(SolutionProperties) = preSolution
		HideSolutionNode = FALSE
	EndGlobalSection
	GlobalSection(ExtensibilityGlobals) = postSolution
		SolutionGuid = {DA36938A-34AF-499A-880A-3C5519F6C5EB}
	EndGlobalSection
EndGlobal
